// !$*UTF8*$!
{
	archiveVersion = 1;
	classes = {
	};
	objectVersion = 56;
	objects = {

/* Begin PBXBuildFile section */
		9E47C59D28FFF389001479D5 /* Cosmos in Frameworks */ = {isa = PBXBuildFile; productRef = 9E47C59C28FFF389001479D5 /* Cosmos */; };
		9E5D264C290006D9003C99EF /* MapViewController.swift in Sources */ = {isa = PBXBuildFile; fileRef = 9E5D264B290006D8003C99EF /* MapViewController.swift */; };
		9E61AB1728FD4A0000C04267 /* AppDelegate.swift in Sources */ = {isa = PBXBuildFile; fileRef = 9E61AB1628FD4A0000C04267 /* AppDelegate.swift */; };
		9E61AB1928FD4A0000C04267 /* SceneDelegate.swift in Sources */ = {isa = PBXBuildFile; fileRef = 9E61AB1828FD4A0000C04267 /* SceneDelegate.swift */; };
		9E61AB1E28FD4A0000C04267 /* Main.storyboard in Resources */ = {isa = PBXBuildFile; fileRef = 9E61AB1C28FD4A0000C04267 /* Main.storyboard */; };
		9E61AB2028FD4A0200C04267 /* Assets.xcassets in Resources */ = {isa = PBXBuildFile; fileRef = 9E61AB1F28FD4A0200C04267 /* Assets.xcassets */; };
		9E61AB2328FD4A0200C04267 /* LaunchScreen.storyboard in Resources */ = {isa = PBXBuildFile; fileRef = 9E61AB2128FD4A0200C04267 /* LaunchScreen.storyboard */; };
		9E61AB2B28FD4A4800C04267 /* MainViewController.swift in Sources */ = {isa = PBXBuildFile; fileRef = 9E61AB2A28FD4A4800C04267 /* MainViewController.swift */; };
		9E61AB2D28FD728200C04267 /* PlacesTableViewCell.swift in Sources */ = {isa = PBXBuildFile; fileRef = 9E61AB2C28FD728200C04267 /* PlacesTableViewCell.swift */; };
		9E61AB2F28FD767C00C04267 /* Place.swift in Sources */ = {isa = PBXBuildFile; fileRef = 9E61AB2E28FD767C00C04267 /* Place.swift */; };
		9E61AB3328FEC44F00C04267 /* NewPlaceViewController.swift in Sources */ = {isa = PBXBuildFile; fileRef = 9E61AB3228FEC44F00C04267 /* NewPlaceViewController.swift */; };
		9E61AB3628FEEF7800C04267 /* Realm in Frameworks */ = {isa = PBXBuildFile; productRef = 9E61AB3528FEEF7800C04267 /* Realm */; };
		9E61AB3828FEEF7800C04267 /* RealmSwift in Frameworks */ = {isa = PBXBuildFile; productRef = 9E61AB3728FEEF7800C04267 /* RealmSwift */; };
		9E61AB3A28FEF26B00C04267 /* StorageManager.swift in Sources */ = {isa = PBXBuildFile; fileRef = 9E61AB3928FEF26B00C04267 /* StorageManager.swift */; };
		9E61AB3D28FFD40F00C04267 /* RatingControl.swift in Sources */ = {isa = PBXBuildFile; fileRef = 9E61AB3C28FFD40F00C04267 /* RatingControl.swift */; };
		9EAE8FB629015DA5001FF5C9 /* MapManager.swift in Sources */ = {isa = PBXBuildFile; fileRef = 9EAE8FB529015DA5001FF5C9 /* MapManager.swift */; };
/* End PBXBuildFile section */

/* Begin PBXFileReference section */
		9E5D264B290006D8003C99EF /* MapViewController.swift */ = {isa = PBXFileReference; lastKnownFileType = sourcecode.swift; path = MapViewController.swift; sourceTree = "<group>"; };
		9E61AB1328FD4A0000C04267 /* MyPlaces.app */ = {isa = PBXFileReference; explicitFileType = wrapper.application; includeInIndex = 0; path = MyPlaces.app; sourceTree = BUILT_PRODUCTS_DIR; };
		9E61AB1628FD4A0000C04267 /* AppDelegate.swift */ = {isa = PBXFileReference; lastKnownFileType = sourcecode.swift; path = AppDelegate.swift; sourceTree = "<group>"; };
		9E61AB1828FD4A0000C04267 /* SceneDelegate.swift */ = {isa = PBXFileReference; lastKnownFileType = sourcecode.swift; path = SceneDelegate.swift; sourceTree = "<group>"; };
		9E61AB1D28FD4A0000C04267 /* Base */ = {isa = PBXFileReference; lastKnownFileType = file.storyboard; name = Base; path = Base.lproj/Main.storyboard; sourceTree = "<group>"; };
		9E61AB1F28FD4A0200C04267 /* Assets.xcassets */ = {isa = PBXFileReference; lastKnownFileType = folder.assetcatalog; path = Assets.xcassets; sourceTree = "<group>"; };
		9E61AB2228FD4A0200C04267 /* Base */ = {isa = PBXFileReference; lastKnownFileType = file.storyboard; name = Base; path = Base.lproj/LaunchScreen.storyboard; sourceTree = "<group>"; };
		9E61AB2428FD4A0200C04267 /* Info.plist */ = {isa = PBXFileReference; lastKnownFileType = text.plist.xml; path = Info.plist; sourceTree = "<group>"; };
		9E61AB2A28FD4A4800C04267 /* MainViewController.swift */ = {isa = PBXFileReference; lastKnownFileType = sourcecode.swift; path = MainViewController.swift; sourceTree = "<group>"; };
		9E61AB2C28FD728200C04267 /* PlacesTableViewCell.swift */ = {isa = PBXFileReference; lastKnownFileType = sourcecode.swift; path = PlacesTableViewCell.swift; sourceTree = "<group>"; };
		9E61AB2E28FD767C00C04267 /* Place.swift */ = {isa = PBXFileReference; lastKnownFileType = sourcecode.swift; path = Place.swift; sourceTree = "<group>"; };
		9E61AB3228FEC44F00C04267 /* NewPlaceViewController.swift */ = {isa = PBXFileReference; lastKnownFileType = sourcecode.swift; path = NewPlaceViewController.swift; sourceTree = "<group>"; };
		9E61AB3928FEF26B00C04267 /* StorageManager.swift */ = {isa = PBXFileReference; lastKnownFileType = sourcecode.swift; path = StorageManager.swift; sourceTree = "<group>"; };
		9E61AB3C28FFD40F00C04267 /* RatingControl.swift */ = {isa = PBXFileReference; lastKnownFileType = sourcecode.swift; path = RatingControl.swift; sourceTree = "<group>"; };
		9EAE8FB529015DA5001FF5C9 /* MapManager.swift */ = {isa = PBXFileReference; lastKnownFileType = sourcecode.swift; path = MapManager.swift; sourceTree = "<group>"; };
		9EE65C532903E3350094B9E6 /* Readme.md */ = {isa = PBXFileReference; lastKnownFileType = net.daringfireball.markdown; path = Readme.md; sourceTree = "<group>"; };
/* End PBXFileReference section */

/* Begin PBXFrameworksBuildPhase section */
		9E61AB1028FD4A0000C04267 /* Frameworks */ = {
			isa = PBXFrameworksBuildPhase;
			buildActionMask = 2147483647;
			files = (
				9E47C59D28FFF389001479D5 /* Cosmos in Frameworks */,
				9E61AB3828FEEF7800C04267 /* RealmSwift in Frameworks */,
				9E61AB3628FEEF7800C04267 /* Realm in Frameworks */,
			);
			runOnlyForDeploymentPostprocessing = 0;
		};
/* End PBXFrameworksBuildPhase section */

/* Begin PBXGroup section */
		9E61AB0A28FD4A0000C04267 = {
			isa = PBXGroup;
			children = (
				9E61AB1528FD4A0000C04267 /* MyPlaces */,
				9E61AB1428FD4A0000C04267 /* Products */,
			);
			sourceTree = "<group>";
		};
		9E61AB1428FD4A0000C04267 /* Products */ = {
			isa = PBXGroup;
			children = (
				9E61AB1328FD4A0000C04267 /* MyPlaces.app */,
			);
			name = Products;
			sourceTree = "<group>";
		};
		9E61AB1528FD4A0000C04267 /* MyPlaces */ = {
			isa = PBXGroup;
			children = (
				9E61AB1628FD4A0000C04267 /* AppDelegate.swift */,
				9E61AB1828FD4A0000C04267 /* SceneDelegate.swift */,
				9E61AB3028FD768A00C04267 /* Model */,
				9E61AB3128FD769400C04267 /* Controllers */,
				9E61AB3B28FEFB7400C04267 /* Storyboards */,
				9E61AB3E28FFD43500C04267 /* CustomUI */,
				9EAE8FB7290169A1001FF5C9 /* Services */,
				9E61AB1F28FD4A0200C04267 /* Assets.xcassets */,
				9E61AB2428FD4A0200C04267 /* Info.plist */,
				9EE65C532903E3350094B9E6 /* Readme.md */,
			);
			path = MyPlaces;
			sourceTree = "<group>";
		};
		9E61AB3028FD768A00C04267 /* Model */ = {
			isa = PBXGroup;
			children = (
				9E61AB2E28FD767C00C04267 /* Place.swift */,
			);
			path = Model;
			sourceTree = "<group>";
		};
		9E61AB3128FD769400C04267 /* Controllers */ = {
			isa = PBXGroup;
			children = (
				9E61AB2A28FD4A4800C04267 /* MainViewController.swift */,
				9E61AB3228FEC44F00C04267 /* NewPlaceViewController.swift */,
				9E5D264B290006D8003C99EF /* MapViewController.swift */,
			);
			path = Controllers;
			sourceTree = "<group>";
		};
		9E61AB3B28FEFB7400C04267 /* Storyboards */ = {
			isa = PBXGroup;
			children = (
				9E61AB1C28FD4A0000C04267 /* Main.storyboard */,
				9E61AB2128FD4A0200C04267 /* LaunchScreen.storyboard */,
			);
			path = Storyboards;
			sourceTree = "<group>";
		};
		9E61AB3E28FFD43500C04267 /* CustomUI */ = {
			isa = PBXGroup;
			children = (
				9E61AB2C28FD728200C04267 /* PlacesTableViewCell.swift */,
			);
			path = CustomUI;
			sourceTree = "<group>";
		};
		9EAE8FB7290169A1001FF5C9 /* Services */ = {
			isa = PBXGroup;
			children = (
				9E61AB3928FEF26B00C04267 /* StorageManager.swift */,
				9EAE8FB529015DA5001FF5C9 /* MapManager.swift */,
				9E61AB3C28FFD40F00C04267 /* RatingControl.swift */,
			);
			path = Services;
			sourceTree = "<group>";
		};
/* End PBXGroup section */

/* Begin PBXNativeTarget section */
		9E61AB1228FD4A0000C04267 /* MyPlaces */ = {
			isa = PBXNativeTarget;
			buildConfigurationList = 9E61AB2728FD4A0200C04267 /* Build configuration list for PBXNativeTarget "MyPlaces" */;
			buildPhases = (
				9E61AB0F28FD4A0000C04267 /* Sources */,
				9E61AB1028FD4A0000C04267 /* Frameworks */,
				9E61AB1128FD4A0000C04267 /* Resources */,
			);
			buildRules = (
			);
			dependencies = (
			);
			name = MyPlaces;
			packageProductDependencies = (
				9E61AB3528FEEF7800C04267 /* Realm */,
				9E61AB3728FEEF7800C04267 /* RealmSwift */,
				9E47C59C28FFF389001479D5 /* Cosmos */,
			);
			productName = MyPlaces;
			productReference = 9E61AB1328FD4A0000C04267 /* MyPlaces.app */;
			productType = "com.apple.product-type.application";
		};
/* End PBXNativeTarget section */

/* Begin PBXProject section */
		9E61AB0B28FD4A0000C04267 /* Project object */ = {
			isa = PBXProject;
			attributes = {
				BuildIndependentTargetsInParallel = 1;
				LastSwiftUpdateCheck = 1400;
				LastUpgradeCheck = 1400;
				TargetAttributes = {
					9E61AB1228FD4A0000C04267 = {
						CreatedOnToolsVersion = 14.0.1;
					};
				};
			};
			buildConfigurationList = 9E61AB0E28FD4A0000C04267 /* Build configuration list for PBXProject "MyPlaces" */;
			compatibilityVersion = "Xcode 14.0";
			developmentRegion = en;
			hasScannedForEncodings = 0;
			knownRegions = (
				en,
				Base,
			);
			mainGroup = 9E61AB0A28FD4A0000C04267;
			packageReferences = (
				9E61AB3428FEEF7800C04267 /* XCRemoteSwiftPackageReference "realm-swift" */,
				9E47C59B28FFF389001479D5 /* XCRemoteSwiftPackageReference "Cosmos" */,
			);
			productRefGroup = 9E61AB1428FD4A0000C04267 /* Products */;
			projectDirPath = "";
			projectRoot = "";
			targets = (
				9E61AB1228FD4A0000C04267 /* MyPlaces */,
			);
		};
/* End PBXProject section */

/* Begin PBXResourcesBuildPhase section */
		9E61AB1128FD4A0000C04267 /* Resources */ = {
			isa = PBXResourcesBuildPhase;
			buildActionMask = 2147483647;
			files = (
				9E61AB2328FD4A0200C04267 /* LaunchScreen.storyboard in Resources */,
				9E61AB2028FD4A0200C04267 /* Assets.xcassets in Resources */,
				9E61AB1E28FD4A0000C04267 /* Main.storyboard in Resources */,
			);
			runOnlyForDeploymentPostprocessing = 0;
		};
/* End PBXResourcesBuildPhase section */

/* Begin PBXSourcesBuildPhase section */
		9E61AB0F28FD4A0000C04267 /* Sources */ = {
			isa = PBXSourcesBuildPhase;
			buildActionMask = 2147483647;
			files = (
				9E61AB2B28FD4A4800C04267 /* MainViewController.swift in Sources */,
				9E61AB3328FEC44F00C04267 /* NewPlaceViewController.swift in Sources */,
				9E61AB1728FD4A0000C04267 /* AppDelegate.swift in Sources */,
				9E61AB3A28FEF26B00C04267 /* StorageManager.swift in Sources */,
				9E5D264C290006D9003C99EF /* MapViewController.swift in Sources */,
				9E61AB3D28FFD40F00C04267 /* RatingControl.swift in Sources */,
				9EAE8FB629015DA5001FF5C9 /* MapManager.swift in Sources */,
				9E61AB1928FD4A0000C04267 /* SceneDelegate.swift in Sources */,
				9E61AB2D28FD728200C04267 /* PlacesTableViewCell.swift in Sources */,
				9E61AB2F28FD767C00C04267 /* Place.swift in Sources */,
			);
			runOnlyForDeploymentPostprocessing = 0;
		};
/* End PBXSourcesBuildPhase section */

/* Begin PBXVariantGroup section */
		9E61AB1C28FD4A0000C04267 /* Main.storyboard */ = {
			isa = PBXVariantGroup;
			children = (
				9E61AB1D28FD4A0000C04267 /* Base */,
			);
			name = Main.storyboard;
			sourceTree = "<group>";
		};
		9E61AB2128FD4A0200C04267 /* LaunchScreen.storyboard */ = {
			isa = PBXVariantGroup;
			children = (
				9E61AB2228FD4A0200C04267 /* Base */,
			);
			name = LaunchScreen.storyboard;
			sourceTree = "<group>";
		};
/* End PBXVariantGroup section */

/* Begin XCBuildConfiguration section */
		9E61AB2528FD4A0200C04267 /* Debug */ = {
			isa = XCBuildConfiguration;
			buildSettings = {
				ALWAYS_SEARCH_USER_PATHS = NO;
				CLANG_ANALYZER_NONNULL = YES;
				CLANG_ANALYZER_NUMBER_OBJECT_CONVERSION = YES_AGGRESSIVE;
				CLANG_CXX_LANGUAGE_STANDARD = "gnu++20";
				CLANG_ENABLE_MODULES = YES;
				CLANG_ENABLE_OBJC_ARC = YES;
				CLANG_ENABLE_OBJC_WEAK = YES;
				CLANG_WARN_BLOCK_CAPTURE_AUTORELEASING = YES;
				CLANG_WARN_BOOL_CONVERSION = YES;
				CLANG_WARN_COMMA = YES;
				CLANG_WARN_CONSTANT_CONVERSION = YES;
				CLANG_WARN_DEPRECATED_OBJC_IMPLEMENTATIONS = YES;
				CLANG_WARN_DIRECT_OBJC_ISA_USAGE = YES_ERROR;
				CLANG_WARN_DOCUMENTATION_COMMENTS = YES;
				CLANG_WARN_EMPTY_BODY = YES;
				CLANG_WARN_ENUM_CONVERSION = YES;
				CLANG_WARN_INFINITE_RECURSION = YES;
				CLANG_WARN_INT_CONVERSION = YES;
				CLANG_WARN_NON_LITERAL_NULL_CONVERSION = YES;
				CLANG_WARN_OBJC_IMPLICIT_RETAIN_SELF = YES;
				CLANG_WARN_OBJC_LITERAL_CONVERSION = YES;
				CLANG_WARN_OBJC_ROOT_CLASS = YES_ERROR;
				CLANG_WARN_QUOTED_INCLUDE_IN_FRAMEWORK_HEADER = YES;
				CLANG_WARN_RANGE_LOOP_ANALYSIS = YES;
				CLANG_WARN_STRICT_PROTOTYPES = YES;
				CLANG_WARN_SUSPICIOUS_MOVE = YES;
				CLANG_WARN_UNGUARDED_AVAILABILITY = YES_AGGRESSIVE;
				CLANG_WARN_UNREACHABLE_CODE = YES;
				CLANG_WARN__DUPLICATE_METHOD_MATCH = YES;
				COPY_PHASE_STRIP = NO;
				DEBUG_INFORMATION_FORMAT = dwarf;
				ENABLE_STRICT_OBJC_MSGSEND = YES;
				ENABLE_TESTABILITY = YES;
				GCC_C_LANGUAGE_STANDARD = gnu11;
				GCC_DYNAMIC_NO_PIC = NO;
				GCC_NO_COMMON_BLOCKS = YES;
				GCC_OPTIMIZATION_LEVEL = 0;
				GCC_PREPROCESSOR_DEFINITIONS = (
					"DEBUG=1",
					"$(inherited)",
				);
				GCC_WARN_64_TO_32_BIT_CONVERSION = YES;
				GCC_WARN_ABOUT_RETURN_TYPE = YES_ERROR;
				GCC_WARN_UNDECLARED_SELECTOR = YES;
				GCC_WARN_UNINITIALIZED_AUTOS = YES_AGGRESSIVE;
				GCC_WARN_UNUSED_FUNCTION = YES;
				GCC_WARN_UNUSED_VARIABLE = YES;
				IPHONEOS_DEPLOYMENT_TARGET = 16.0;
				MTL_ENABLE_DEBUG_INFO = INCLUDE_SOURCE;
				MTL_FAST_MATH = YES;
				ONLY_ACTIVE_ARCH = YES;
				SDKROOT = iphoneos;
				SWIFT_ACTIVE_COMPILATION_CONDITIONS = DEBUG;
				SWIFT_OPTIMIZATION_LEVEL = "-Onone";
			};
			name = Debug;
		};
		9E61AB2628FD4A0200C04267 /* Release */ = {
			isa = XCBuildConfiguration;
			buildSettings = {
				ALWAYS_SEARCH_USER_PATHS = NO;
				CLANG_ANALYZER_NONNULL = YES;
				CLANG_ANALYZER_NUMBER_OBJECT_CONVERSION = YES_AGGRESSIVE;
				CLANG_CXX_LANGUAGE_STANDARD = "gnu++20";
				CLANG_ENABLE_MODULES = YES;
				CLANG_ENABLE_OBJC_ARC = YES;
				CLANG_ENABLE_OBJC_WEAK = YES;
				CLANG_WARN_BLOCK_CAPTURE_AUTORELEASING = YES;
				CLANG_WARN_BOOL_CONVERSION = YES;
				CLANG_WARN_COMMA = YES;
				CLANG_WARN_CONSTANT_CONVERSION = YES;
				CLANG_WARN_DEPRECATED_OBJC_IMPLEMENTATIONS = YES;
				CLANG_WARN_DIRECT_OBJC_ISA_USAGE = YES_ERROR;
				CLANG_WARN_DOCUMENTATION_COMMENTS = YES;
				CLANG_WARN_EMPTY_BODY = YES;
				CLANG_WARN_ENUM_CONVERSION = YES;
				CLANG_WARN_INFINITE_RECURSION = YES;
				CLANG_WARN_INT_CONVERSION = YES;
				CLANG_WARN_NON_LITERAL_NULL_CONVERSION = YES;
				CLANG_WARN_OBJC_IMPLICIT_RETAIN_SELF = YES;
				CLANG_WARN_OBJC_LITERAL_CONVERSION = YES;
				CLANG_WARN_OBJC_ROOT_CLASS = YES_ERROR;
				CLANG_WARN_QUOTED_INCLUDE_IN_FRAMEWORK_HEADER = YES;
				CLANG_WARN_RANGE_LOOP_ANALYSIS = YES;
				CLANG_WARN_STRICT_PROTOTYPES = YES;
				CLANG_WARN_SUSPICIOUS_MOVE = YES;
				CLANG_WARN_UNGUARDED_AVAILABILITY = YES_AGGRESSIVE;
				CLANG_WARN_UNREACHABLE_CODE = YES;
				CLANG_WARN__DUPLICATE_METHOD_MATCH = YES;
				COPY_PHASE_STRIP = NO;
				DEBUG_INFORMATION_FORMAT = "dwarf-with-dsym";
				ENABLE_NS_ASSERTIONS = NO;
				ENABLE_STRICT_OBJC_MSGSEND = YES;
				GCC_C_LANGUAGE_STANDARD = gnu11;
				GCC_NO_COMMON_BLOCKS = YES;
				GCC_WARN_64_TO_32_BIT_CONVERSION = YES;
				GCC_WARN_ABOUT_RETURN_TYPE = YES_ERROR;
				GCC_WARN_UNDECLARED_SELECTOR = YES;
				GCC_WARN_UNINITIALIZED_AUTOS = YES_AGGRESSIVE;
				GCC_WARN_UNUSED_FUNCTION = YES;
				GCC_WARN_UNUSED_VARIABLE = YES;
				IPHONEOS_DEPLOYMENT_TARGET = 16.0;
				MTL_ENABLE_DEBUG_INFO = NO;
				MTL_FAST_MATH = YES;
				SDKROOT = iphoneos;
				SWIFT_COMPILATION_MODE = wholemodule;
				SWIFT_OPTIMIZATION_LEVEL = "-O";
				VALIDATE_PRODUCT = YES;
			};
			name = Release;
		};
		9E61AB2828FD4A0200C04267 /* Debug */ = {
			isa = XCBuildConfiguration;
			buildSettings = {
				ASSETCATALOG_COMPILER_APPICON_NAME = AppIcon;
				ASSETCATALOG_COMPILER_GLOBAL_ACCENT_COLOR_NAME = AccentColor;
				CODE_SIGN_STYLE = Automatic;
				CURRENT_PROJECT_VERSION = 1;
				DEVELOPMENT_TEAM = 52V9YXPJQB;
				GENERATE_INFOPLIST_FILE = YES;
				INFOPLIST_FILE = MyPlaces/Info.plist;
				INFOPLIST_KEY_LSApplicationCategoryType = "public.app-category.food-and-drink";
				INFOPLIST_KEY_UIApplicationSupportsIndirectInputEvents = YES;
				INFOPLIST_KEY_UILaunchStoryboardName = LaunchScreen;
				INFOPLIST_KEY_UIMainStoryboardFile = Main;
				INFOPLIST_KEY_UISupportedInterfaceOrientations_iPad = "UIInterfaceOrientationPortrait UIInterfaceOrientationPortraitUpsideDown UIInterfaceOrientationLandscapeLeft UIInterfaceOrientationLandscapeRight";
				INFOPLIST_KEY_UISupportedInterfaceOrientations_iPhone = "UIInterfaceOrientationPortrait UIInterfaceOrientationLandscapeLeft UIInterfaceOrientationLandscapeRight";
				IPHONEOS_DEPLOYMENT_TARGET = 15.5;
				LD_RUNPATH_SEARCH_PATHS = (
					"$(inherited)",
					"@executable_path/Frameworks",
				);
				MARKETING_VERSION = 1.0;
				PRODUCT_BUNDLE_IDENTIFIER = prokodan.MyPlaces;
				PRODUCT_NAME = "$(TARGET_NAME)";
				SUPPORTED_PLATFORMS = "iphoneos iphonesimulator";
				SUPPORTS_MACCATALYST = NO;
				SUPPORTS_MAC_DESIGNED_FOR_IPHONE_IPAD = NO;
				SWIFT_EMIT_LOC_STRINGS = YES;
				SWIFT_VERSION = 5.0;
				TARGETED_DEVICE_FAMILY = 1;
			};
			name = Debug;
		};
		9E61AB2928FD4A0200C04267 /* Release */ = {
			isa = XCBuildConfiguration;
			buildSettings = {
				ASSETCATALOG_COMPILER_APPICON_NAME = AppIcon;
				ASSETCATALOG_COMPILER_GLOBAL_ACCENT_COLOR_NAME = AccentColor;
				CODE_SIGN_STYLE = Automatic;
				CURRENT_PROJECT_VERSION = 1;
				DEVELOPMENT_TEAM = 52V9YXPJQB;
				GENERATE_INFOPLIST_FILE = YES;
				INFOPLIST_FILE = MyPlaces/Info.plist;
				INFOPLIST_KEY_LSApplicationCategoryType = "public.app-category.food-and-drink";
				INFOPLIST_KEY_UIApplicationSupportsIndirectInputEvents = YES;
				INFOPLIST_KEY_UILaunchStoryboardName = LaunchScreen;
				INFOPLIST_KEY_UIMainStoryboardFile = Main;
				INFOPLIST_KEY_UISupportedInterfaceOrientations_iPad = "UIInterfaceOrientationPortrait UIInterfaceOrientationPortraitUpsideDown UIInterfaceOrientationLandscapeLeft UIInterfaceOrientationLandscapeRight";
				INFOPLIST_KEY_UISupportedInterfaceOrientations_iPhone = "UIInterfaceOrientationPortrait UIInterfaceOrientationLandscapeLeft UIInterfaceOrientationLandscapeRight";
				IPHONEOS_DEPLOYMENT_TARGET = 15.5;
				LD_RUNPATH_SEARCH_PATHS = (
					"$(inherited)",
					"@executable_path/Frameworks",
				);
				MARKETING_VERSION = 1.0;
				PRODUCT_BUNDLE_IDENTIFIER = prokodan.MyPlaces;
				PRODUCT_NAME = "$(TARGET_NAME)";
				SUPPORTED_PLATFORMS = "iphoneos iphonesimulator";
				SUPPORTS_MACCATALYST = NO;
				SUPPORTS_MAC_DESIGNED_FOR_IPHONE_IPAD = NO;
				SWIFT_EMIT_LOC_STRINGS = YES;
				SWIFT_VERSION = 5.0;
				TARGETED_DEVICE_FAMILY = 1;
			};
			name = Release;
		};
/* End XCBuildConfiguration section */

/* Begin XCConfigurationList section */
		9E61AB0E28FD4A0000C04267 /* Build configuration list for PBXProject "MyPlaces" */ = {
			isa = XCConfigurationList;
			buildConfigurations = (
				9E61AB2528FD4A0200C04267 /* Debug */,
				9E61AB2628FD4A0200C04267 /* Release */,
			);
			defaultConfigurationIsVisible = 0;
			defaultConfigurationName = Release;
		};
		9E61AB2728FD4A0200C04267 /* Build configuration list for PBXNativeTarget "MyPlaces" */ = {
			isa = XCConfigurationList;
			buildConfigurations = (
				9E61AB2828FD4A0200C04267 /* Debug */,
				9E61AB2928FD4A0200C04267 /* Release */,
			);
			defaultConfigurationIsVisible = 0;
			defaultConfigurationName = Release;
		};
/* End XCConfigurationList section */

/* Begin XCRemoteSwiftPackageReference section */
		9E47C59B28FFF389001479D5 /* XCRemoteSwiftPackageReference "Cosmos" */ = {
			isa = XCRemoteSwiftPackageReference;
			repositoryURL = "https://github.com/evgenyneu/Cosmos.git";
			requirement = {
				kind = upToNextMajorVersion;
				minimumVersion = 23.0.0;
			};
		};
		9E61AB3428FEEF7800C04267 /* XCRemoteSwiftPackageReference "realm-swift" */ = {
			isa = XCRemoteSwiftPackageReference;
			repositoryURL = "https://github.com/realm/realm-swift.git";
			requirement = {
				kind = upToNextMajorVersion;
				minimumVersion = 10.32.0;
			};
		};
/* End XCRemoteSwiftPackageReference section */

/* Begin XCSwiftPackageProductDependency section */
		9E47C59C28FFF389001479D5 /* Cosmos */ = {
			isa = XCSwiftPackageProductDependency;
			package = 9E47C59B28FFF389001479D5 /* XCRemoteSwiftPackageReference "Cosmos" */;
			productName = Cosmos;
		};
		9E61AB3528FEEF7800C04267 /* Realm */ = {
			isa = XCSwiftPackageProductDependency;
			package = 9E61AB3428FEEF7800C04267 /* XCRemoteSwiftPackageReference "realm-swift" */;
			productName = Realm;
		};
		9E61AB3728FEEF7800C04267 /* RealmSwift */ = {
			isa = XCSwiftPackageProductDependency;
			package = 9E61AB3428FEEF7800C04267 /* XCRemoteSwiftPackageReference "realm-swift" */;
			productName = RealmSwift;
		};
/* End XCSwiftPackageProductDependency section */
	};
	rootObject = 9E61AB0B28FD4A0000C04267 /* Project object */;
}
